lockfileVersion: '6.0'

settings:
  autoInstallPeers: true
  excludeLinksFromLockfile: false

dependencies:
  '@pothos/plugin-prisma':
    specifier: ^4.3.1
    version: 4.3.1(@pothos/core@4.3.0)(@prisma/client@5.22.0)(graphql@16.9.0)(typescript@5.7.2)
  '@prisma/client':
    specifier: ^5.22.0
    version: 5.22.0(prisma@5.22.0)
  prisma:
    specifier: ^5.22.0
    version: 5.22.0

packages:

  /@pothos/core@4.3.0(graphql@16.9.0):
    resolution: {integrity: sha512-i4nyI8wSCjxdHUomqQ2K3FH0Glklomfv4tJNifQVU9lPtQKoKaS69VxGv+fru0HAZzb1eC1XPEPN3XPCYcvZ7Q==}
    peerDependencies:
      graphql: '>=16.6.0'
    dependencies:
      graphql: 16.9.0
    dev: false

  /@pothos/plugin-prisma@4.3.1(@pothos/core@4.3.0)(@prisma/client@5.22.0)(graphql@16.9.0)(typescript@5.7.2):
    resolution: {integrity: sha512-5maJe2o8VCBye5m/fXG+TsvQzhEmF9YpXnLtR9/3T8Z3H51VgthU60xZoN8N+oMKFOqOYEMX1i21J/ojXrTj9A==}
    hasBin: true
    peerDependencies:
      '@pothos/core': '*'
      '@prisma/client': '*'
      graphql: '>=16.6.0'
      typescript: '>=4.7.2'
    dependencies:
      '@pothos/core': 4.3.0(graphql@16.9.0)
      '@prisma/client': 5.22.0(prisma@5.22.0)
      '@prisma/generator-helper': 5.22.0
      graphql: 16.9.0
      typescript: 5.7.2
    dev: false

  /@prisma/client@5.22.0(prisma@5.22.0):
    resolution: {integrity: sha512-M0SVXfyHnQREBKxCgyo7sffrKttwE6R8PMq330MIUF0pTwjUhLbW84pFDlf06B27XyCR++VtjugEnIHdr07SVA==}
    engines: {node: '>=16.13'}
    requiresBuild: true
    peerDependencies:
      prisma: '*'
    peerDependenciesMeta:
      prisma:
        optional: true
    dependencies:
      prisma: 5.22.0
    dev: false

  /@prisma/debug@5.22.0:
    resolution: {integrity: sha512-AUt44v3YJeggO2ZU5BkXI7M4hu9BF2zzH2iF2V5pyXT/lRTyWiElZ7It+bRH1EshoMRxHgpYg4VB6rCM+mG5jQ==}
    dev: false

  /@prisma/engines-version@5.22.0-44.605197351a3c8bdd595af2d2a9bc3025bca48ea2:
    resolution: {integrity: sha512-2PTmxFR2yHW/eB3uqWtcgRcgAbG1rwG9ZriSvQw+nnb7c4uCr3RAcGMb6/zfE88SKlC1Nj2ziUvc96Z379mHgQ==}
    dev: false

  /@prisma/engines@5.22.0:
    resolution: {integrity: sha512-UNjfslWhAt06kVL3CjkuYpHAWSO6L4kDCVPegV6itt7nD1kSJavd3vhgAEhjglLJJKEdJ7oIqDJ+yHk6qO8gPA==}
    requiresBuild: true
    dependencies:
      '@prisma/debug': 5.22.0
      '@prisma/engines-version': 5.22.0-44.605197351a3c8bdd595af2d2a9bc3025bca48ea2
      '@prisma/fetch-engine': 5.22.0
      '@prisma/get-platform': 5.22.0
    dev: false

  /@prisma/fetch-engine@5.22.0:
    resolution: {integrity: sha512-bkrD/Mc2fSvkQBV5EpoFcZ87AvOgDxbG99488a5cexp5Ccny+UM6MAe/UFkUC0wLYD9+9befNOqGiIJhhq+HbA==}
    dependencies:
      '@prisma/debug': 5.22.0
      '@prisma/engines-version': 5.22.0-44.605197351a3c8bdd595af2d2a9bc3025bca48ea2
      '@prisma/get-platform': 5.22.0
    dev: false

  /@prisma/generator-helper@5.22.0:
    resolution: {integrity: sha512-LwqcBQ5/QsuAaLNQZAIVIAJDJBMjHwMwn16e06IYx/3Okj/xEEfw9IvrqB2cJCl3b2mCBlh3eVH0w9WGmi4aHg==}
    dependencies:
      '@prisma/debug': 5.22.0
    dev: false

  /@prisma/get-platform@5.22.0:
    resolution: {integrity: sha512-pHhpQdr1UPFpt+zFfnPazhulaZYCUqeIcPpJViYoq9R+D/yw4fjE+CtnsnKzPYm0ddUbeXUzjGVGIRVgPDCk4Q==}
    dependencies:
      '@prisma/debug': 5.22.0
    dev: false

  /fsevents@2.3.3:
    resolution: {integrity: sha512-5xoDfX+fL7faATnagmWPpbFtwh/R77WmMMqqHGS65C3vvB0YHrgF+B1YmZ3441tMj5n63k0212XNoJwzlhffQw==}
    engines: {node: ^8.16.0 || ^10.6.0 || >=11.0.0}
    os: [darwin]
    requiresBuild: true
    dev: false
    optional: true

  /graphql@16.9.0:
    resolution: {integrity: sha512-GGTKBX4SD7Wdb8mqeDLni2oaRGYQWjWHGKPQ24ZMnUtKfcsVoiv4uX8+LJr1K6U5VW2Lu1BwJnj7uiori0YtRw==}
    engines: {node: ^12.22.0 || ^14.16.0 || ^16.0.0 || >=17.0.0}
    dev: false

  /prisma@5.22.0:
    resolution: {integrity: sha512-vtpjW3XuYCSnMsNVBjLMNkTj6OZbudcPPTPYHqX0CJfpcdWciI1dM8uHETwmDxxiqEwCIE6WvXucWUetJgfu/A==}
    engines: {node: '>=16.13'}
    hasBin: true
    requiresBuild: true
    dependencies:
      '@prisma/engines': 5.22.0
    optionalDependencies:
      fsevents: 2.3.3
    dev: false

  /typescript@5.7.2:
    resolution: {integrity: sha512-i5t66RHxDvVN40HfDd1PsEThGNnlMCMT3jMUuoh9/0TaqWevNontacunWyN02LA9/fIbEWlcHZcgTKb9QoaLfg==}
    engines: {node: '>=14.17'}
    hasBin: true
    dev: false
